
Microsoft Visual Studio Solution File, Format Version 12.00
# Visual Studio 14
VisualStudioVersion = 14.0.25420.1
MinimumVisualStudioVersion = 10.0.40219.1
Project("{FAE04EC0-301F-11D3-BF4B-00C04F79EFBC}") = "GitTestWPF", "GitTestWPF\GitTestWPF.csproj", "{A97B2028-A3B6-4FF7-AE76-578D78FE1713}"
EndProject
Global
	GlobalSection(SolutionConfigurationPlatforms) = preSolution
		Debug|Any CPU = Debug|Any CPU
		Release|Any CPU = Release|Any CPU
	EndGlobalSection
	GlobalSection(ProjectConfigurationPlatforms) = postSolution
		{A97B2028-A3B6-4FF7-AE76-578D78FE1713}.Debug|Any CPU.ActiveCfg = Debug|Any CPU
		{A97B2028-A3B6-4FF7-AE76-578D78FE1713}.Debug|Any CPU.Build.0 = Debug|Any CPU
		{A97B2028-A3B6-4FF7-AE76-578D78FE1713}.Release|Any CPU.ActiveCfg = Release|Any CPU
		{A97B2028-A3B6-4FF7-AE76-578D78FE1713}.Release|Any CPU.Build.0 = Release|Any CPU
	EndGlobalSection
	GlobalSection(SolutionProperties) = preSolution
		HideSolutionNode = FALSE
	EndGlobalSection
EndGlobal
